
Microsoft Visual Studio Solution File, Format Version 12.00
# Visual Studio Version 17
VisualStudioVersion = 17.8.34525.116
MinimumVisualStudioVersion = 10.0.40219.1
Project("{FAE04EC0-301F-11D3-BF4B-00C04F79EFBC}") = "API_FinanzasA", "API_FinanzasA.csproj", "{C9A68A3E-0520-4E41-BB66-FA9F4EE221D7}"
EndProject
Global
	GlobalSection(SolutionConfigurationPlatforms) = preSolution
		Debug|Any CPU = Debug|Any CPU
		Release|Any CPU = Release|Any CPU
	EndGlobalSection
	GlobalSection(ProjectConfigurationPlatforms) = postSolution
		{C9A68A3E-0520-4E41-BB66-FA9F4EE221D7}.Debug|Any CPU.ActiveCfg = Debug|Any CPU
		{C9A68A3E-0520-4E41-BB66-FA9F4EE221D7}.Debug|Any CPU.Build.0 = Debug|Any CPU
		{C9A68A3E-0520-4E41-BB66-FA9F4EE221D7}.Release|Any CPU.ActiveCfg = Release|Any CPU
		{C9A68A3E-0520-4E41-BB66-FA9F4EE221D7}.Release|Any CPU.Build.0 = Release|Any CPU
	EndGlobalSection
	GlobalSection(SolutionProperties) = preSolution
		HideSolutionNode = FALSE
	EndGlobalSection
	GlobalSection(ExtensibilityGlobals) = postSolution
		SolutionGuid = {40226D93-AE88-405F-BFA6-98B6090AF7C6}
	EndGlobalSection
EndGlobal
